
Microsoft Visual Studio Solution File, Format Version 12.00
# Visual Studio Version 17
VisualStudioVersion = 17.2.32526.322
MinimumVisualStudioVersion = 10.0.40219.1
Project("{FAE04EC0-301F-11D3-BF4B-00C04F79EFBC}") = "AriBilgi.Blog.Shared", "AriBilgi.Blog.Shared\AriBilgi.Blog.Shared.csproj", "{74ACF2EF-60E3-4943-848D-51FA8F97C13A}"
EndProject
Project("{FAE04EC0-301F-11D3-BF4B-00C04F79EFBC}") = "AriBilgi.Blog.Entities", "AriBilgi.Blog.Entities\AriBilgi.Blog.Entities.csproj", "{323A4730-9FEB-4AEA-A684-F171085700D2}"
EndProject
Project("{FAE04EC0-301F-11D3-BF4B-00C04F79EFBC}") = "AriBilgi.Blog.Data", "AriBilgi.Blog.Data\AriBilgi.Blog.Data.csproj", "{BE51CD24-7F74-47C1-9FF0-CBDB4B3F24C5}"
EndProject
Project("{FAE04EC0-301F-11D3-BF4B-00C04F79EFBC}") = "AriBilgi.Blog.Mvc", "AriBilgi.Blog.Mvc\AriBilgi.Blog.Mvc.csproj", "{857E8E3B-B0B9-4CAA-85F0-6266C424D313}"
EndProject
Global
	GlobalSection(SolutionConfigurationPlatforms) = preSolution
		Debug|Any CPU = Debug|Any CPU
		Release|Any CPU = Release|Any CPU
	EndGlobalSection
	GlobalSection(ProjectConfigurationPlatforms) = postSolution
		{74ACF2EF-60E3-4943-848D-51FA8F97C13A}.Debug|Any CPU.ActiveCfg = Debug|Any CPU
		{74ACF2EF-60E3-4943-848D-51FA8F97C13A}.Debug|Any CPU.Build.0 = Debug|Any CPU
		{74ACF2EF-60E3-4943-848D-51FA8F97C13A}.Release|Any CPU.ActiveCfg = Release|Any CPU
		{74ACF2EF-60E3-4943-848D-51FA8F97C13A}.Release|Any CPU.Build.0 = Release|Any CPU
		{323A4730-9FEB-4AEA-A684-F171085700D2}.Debug|Any CPU.ActiveCfg = Debug|Any CPU
		{323A4730-9FEB-4AEA-A684-F171085700D2}.Debug|Any CPU.Build.0 = Debug|Any CPU
		{323A4730-9FEB-4AEA-A684-F171085700D2}.Release|Any CPU.ActiveCfg = Release|Any CPU
		{323A4730-9FEB-4AEA-A684-F171085700D2}.Release|Any CPU.Build.0 = Release|Any CPU
		{BE51CD24-7F74-47C1-9FF0-CBDB4B3F24C5}.Debug|Any CPU.ActiveCfg = Debug|Any CPU
		{BE51CD24-7F74-47C1-9FF0-CBDB4B3F24C5}.Debug|Any CPU.Build.0 = Debug|Any CPU
		{BE51CD24-7F74-47C1-9FF0-CBDB4B3F24C5}.Release|Any CPU.ActiveCfg = Release|Any CPU
		{BE51CD24-7F74-47C1-9FF0-CBDB4B3F24C5}.Release|Any CPU.Build.0 = Release|Any CPU
		{857E8E3B-B0B9-4CAA-85F0-6266C424D313}.Debug|Any CPU.ActiveCfg = Debug|Any CPU
		{857E8E3B-B0B9-4CAA-85F0-6266C424D313}.Debug|Any CPU.Build.0 = Debug|Any CPU
		{857E8E3B-B0B9-4CAA-85F0-6266C424D313}.Release|Any CPU.ActiveCfg = Release|Any CPU
		{857E8E3B-B0B9-4CAA-85F0-6266C424D313}.Release|Any CPU.Build.0 = Release|Any CPU
	EndGlobalSection
	GlobalSection(SolutionProperties) = preSolution
		HideSolutionNode = FALSE
	EndGlobalSection
	GlobalSection(ExtensibilityGlobals) = postSolution
		SolutionGuid = {4CC3890F-3EB6-46AE-B817-1B7FEA230DD3}
	EndGlobalSection
EndGlobal
